
Microsoft Visual Studio Solution File, Format Version 12.00
Project("{FAE04EC0-301F-11D3-BF4B-00C04F79EFBC}") = "PayPal.SDK.Samples", "PayPal.SDK.Samples\PayPal.SDK.Samples.csproj", "{95541E3C-6A65-4DD9-8A44-BD4F10680E3D}"
EndProject
Global
	GlobalSection(SolutionConfigurationPlatforms) = preSolution
		Debug|Any CPU = Debug|Any CPU
		Release|Any CPU = Release|Any CPU
	EndGlobalSection
	GlobalSection(ProjectConfigurationPlatforms) = postSolution
		{95541E3C-6A65-4DD9-8A44-BD4F10680E3D}.Debug|Any CPU.ActiveCfg = Debug|Any CPU
		{95541E3C-6A65-4DD9-8A44-BD4F10680E3D}.Debug|Any CPU.Build.0 = Debug|Any CPU
		{95541E3C-6A65-4DD9-8A44-BD4F10680E3D}.Release|Any CPU.ActiveCfg = Release|Any CPU
		{95541E3C-6A65-4DD9-8A44-BD4F10680E3D}.Release|Any CPU.Build.0 = Release|Any CPU
	EndGlobalSection
EndGlobal
